
Microsoft Visual Studio Solution File, Format Version 12.00
# Visual Studio Version 17
VisualStudioVersion = 17.4.33213.308
MinimumVisualStudioVersion = 10.0.40219.1
Project("{FAE04EC0-301F-11D3-BF4B-00C04F79EFBC}") = "WeatherForecast", "WeatherForecast\WeatherForecast.csproj", "{EE0597FE-965B-4D59-96FE-EFC3368FE3AD}"
EndProject
Project("{E53339B2-1760-4266-BCC7-CA923CBCF16C}") = "docker-compose", "docker-compose.dcproj", "{2CB70521-EDC9-4DB8-B33B-8C9DC84A6A44}"
EndProject
Global
	GlobalSection(SolutionConfigurationPlatforms) = preSolution
		Debug|Any CPU = Debug|Any CPU
		Release|Any CPU = Release|Any CPU
	EndGlobalSection
	GlobalSection(ProjectConfigurationPlatforms) = postSolution
		{EE0597FE-965B-4D59-96FE-EFC3368FE3AD}.Debug|Any CPU.ActiveCfg = Debug|Any CPU
		{EE0597FE-965B-4D59-96FE-EFC3368FE3AD}.Debug|Any CPU.Build.0 = Debug|Any CPU
		{EE0597FE-965B-4D59-96FE-EFC3368FE3AD}.Release|Any CPU.ActiveCfg = Release|Any CPU
		{EE0597FE-965B-4D59-96FE-EFC3368FE3AD}.Release|Any CPU.Build.0 = Release|Any CPU
		{2CB70521-EDC9-4DB8-B33B-8C9DC84A6A44}.Debug|Any CPU.ActiveCfg = Debug|Any CPU
		{2CB70521-EDC9-4DB8-B33B-8C9DC84A6A44}.Debug|Any CPU.Build.0 = Debug|Any CPU
		{2CB70521-EDC9-4DB8-B33B-8C9DC84A6A44}.Release|Any CPU.ActiveCfg = Release|Any CPU
		{2CB70521-EDC9-4DB8-B33B-8C9DC84A6A44}.Release|Any CPU.Build.0 = Release|Any CPU
	EndGlobalSection
	GlobalSection(SolutionProperties) = preSolution
		HideSolutionNode = FALSE
	EndGlobalSection
	GlobalSection(ExtensibilityGlobals) = postSolution
		SolutionGuid = {470CA158-2EBC-4F34-B1FA-7B4F9319954C}
	EndGlobalSection
EndGlobal
